// !$*UTF8*$!
{
	archiveVersion = 1;
	classes = {
	};
	objectVersion = 56;
	objects = {

/* Begin PBXBuildFile section */
		A8286D3B2B662736002AC005 /* xamanagerApp.swift in Sources */ = {isa = PBXBuildFile; fileRef = A8286D3A2B662736002AC005 /* xamanagerApp.swift */; };
		A8286D3D2B662736002AC005 /* ContentView.swift in Sources */ = {isa = PBXBuildFile; fileRef = A8286D3C2B662736002AC005 /* ContentView.swift */; };
		A8286D3F2B662737002AC005 /* Assets.xcassets in Resources */ = {isa = PBXBuildFile; fileRef = A8286D3E2B662737002AC005 /* Assets.xcassets */; };
		A8286D422B662737002AC005 /* Preview Assets.xcassets in Resources */ = {isa = PBXBuildFile; fileRef = A8286D412B662737002AC005 /* Preview Assets.xcassets */; };
		A8286D4D2B662737002AC005 /* xamanagerTests.swift in Sources */ = {isa = PBXBuildFile; fileRef = A8286D4C2B662737002AC005 /* xamanagerTests.swift */; };
		A8286D572B662737002AC005 /* xamanagerUITests.swift in Sources */ = {isa = PBXBuildFile; fileRef = A8286D562B662737002AC005 /* xamanagerUITests.swift */; };
		A8286D592B662737002AC005 /* xamanagerUITestsLaunchTests.swift in Sources */ = {isa = PBXBuildFile; fileRef = A8286D582B662737002AC005 /* xamanagerUITestsLaunchTests.swift */; };
/* End PBXBuildFile section */

/* Begin PBXContainerItemProxy section */
		A8286D492B662737002AC005 /* PBXContainerItemProxy */ = {
			isa = PBXContainerItemProxy;
			containerPortal = A8286D2F2B662736002AC005 /* Project object */;
			proxyType = 1;
			remoteGlobalIDString = A8286D362B662736002AC005;
			remoteInfo = xamanager;
		};
		A8286D532B662737002AC005 /* PBXContainerItemProxy */ = {
			isa = PBXContainerItemProxy;
			containerPortal = A8286D2F2B662736002AC005 /* Project object */;
			proxyType = 1;
			remoteGlobalIDString = A8286D362B662736002AC005;
			remoteInfo = xamanager;
		};
/* End PBXContainerItemProxy section */

/* Begin PBXFileReference section */
		A8286D372B662736002AC005 /* xamanager.app */ = {isa = PBXFileReference; explicitFileType = wrapper.application; includeInIndex = 0; path = xamanager.app; sourceTree = BUILT_PRODUCTS_DIR; };
		A8286D3A2B662736002AC005 /* xamanagerApp.swift */ = {isa = PBXFileReference; lastKnownFileType = sourcecode.swift; path = xamanagerApp.swift; sourceTree = "<group>"; };
		A8286D3C2B662736002AC005 /* ContentView.swift */ = {isa = PBXFileReference; lastKnownFileType = sourcecode.swift; path = ContentView.swift; sourceTree = "<group>"; };
		A8286D3E2B662737002AC005 /* Assets.xcassets */ = {isa = PBXFileReference; lastKnownFileType = folder.assetcatalog; path = Assets.xcassets; sourceTree = "<group>"; };
		A8286D412B662737002AC005 /* Preview Assets.xcassets */ = {isa = PBXFileReference; lastKnownFileType = folder.assetcatalog; path = "Preview Assets.xcassets"; sourceTree = "<group>"; };
		A8286D432B662737002AC005 /* xamanager.entitlements */ = {isa = PBXFileReference; lastKnownFileType = text.plist.entitlements; path = xamanager.entitlements; sourceTree = "<group>"; };
		A8286D482B662737002AC005 /* xamanagerTests.xctest */ = {isa = PBXFileReference; explicitFileType = wrapper.cfbundle; includeInIndex = 0; path = xamanagerTests.xctest; sourceTree = BUILT_PRODUCTS_DIR; };
		A8286D4C2B662737002AC005 /* xamanagerTests.swift */ = {isa = PBXFileReference; lastKnownFileType = sourcecode.swift; path = xamanagerTests.swift; sourceTree = "<group>"; };
		A8286D522B662737002AC005 /* xamanagerUITests.xctest */ = {isa = PBXFileReference; explicitFileType = wrapper.cfbundle; includeInIndex = 0; path = xamanagerUITests.xctest; sourceTree = BUILT_PRODUCTS_DIR; };
		A8286D562B662737002AC005 /* xamanagerUITests.swift */ = {isa = PBXFileReference; lastKnownFileType = sourcecode.swift; path = xamanagerUITests.swift; sourceTree = "<group>"; };
		A8286D582B662737002AC005 /* xamanagerUITestsLaunchTests.swift */ = {isa = PBXFileReference; lastKnownFileType = sourcecode.swift; path = xamanagerUITestsLaunchTests.swift; sourceTree = "<group>"; };
/* End PBXFileReference section */

/* Begin PBXFrameworksBuildPhase section */
		A8286D342B662736002AC005 /* Frameworks */ = {
			isa = PBXFrameworksBuildPhase;
			buildActionMask = 2147483647;
			files = (
			);
			runOnlyForDeploymentPostprocessing = 0;
		};
		A8286D452B662737002AC005 /* Frameworks */ = {
			isa = PBXFrameworksBuildPhase;
			buildActionMask = 2147483647;
			files = (
			);
			runOnlyForDeploymentPostprocessing = 0;
		};
		A8286D4F2B662737002AC005 /* Frameworks */ = {
			isa = PBXFrameworksBuildPhase;
			buildActionMask = 2147483647;
			files = (
			);
			runOnlyForDeploymentPostprocessing = 0;
		};
/* End PBXFrameworksBuildPhase section */

/* Begin PBXGroup section */
		A8286D2E2B662736002AC005 = {
			isa = PBXGroup;
			children = (
				A8286D392B662736002AC005 /* xamanager */,
				A8286D4B2B662737002AC005 /* xamanagerTests */,
				A8286D552B662737002AC005 /* xamanagerUITests */,
				A8286D382B662736002AC005 /* Products */,
			);
			sourceTree = "<group>";
		};
		A8286D382B662736002AC005 /* Products */ = {
			isa = PBXGroup;
			children = (
				A8286D372B662736002AC005 /* xamanager.app */,
				A8286D482B662737002AC005 /* xamanagerTests.xctest */,
				A8286D522B662737002AC005 /* xamanagerUITests.xctest */,
			);
			name = Products;
			sourceTree = "<group>";
		};
		A8286D392B662736002AC005 /* xamanager */ = {
			isa = PBXGroup;
			children = (
				A8286D3A2B662736002AC005 /* xamanagerApp.swift */,
				A8286D3C2B662736002AC005 /* ContentView.swift */,
				A8286D3E2B662737002AC005 /* Assets.xcassets */,
				A8286D432B662737002AC005 /* xamanager.entitlements */,
				A8286D402B662737002AC005 /* Preview Content */,
			);
			path = xamanager;
			sourceTree = "<group>";
		};
		A8286D402B662737002AC005 /* Preview Content */ = {
			isa = PBXGroup;
			children = (
				A8286D412B662737002AC005 /* Preview Assets.xcassets */,
			);
			path = "Preview Content";
			sourceTree = "<group>";
		};
		A8286D4B2B662737002AC005 /* xamanagerTests */ = {
			isa = PBXGroup;
			children = (
				A8286D4C2B662737002AC005 /* xamanagerTests.swift */,
			);
			path = xamanagerTests;
			sourceTree = "<group>";
		};
		A8286D552B662737002AC005 /* xamanagerUITests */ = {
			isa = PBXGroup;
			children = (
				A8286D562B662737002AC005 /* xamanagerUITests.swift */,
				A8286D582B662737002AC005 /* xamanagerUITestsLaunchTests.swift */,
			);
			path = xamanagerUITests;
			sourceTree = "<group>";
		};
/* End PBXGroup section */

/* Begin PBXNativeTarget section */
		A8286D362B662736002AC005 /* xamanager */ = {
			isa = PBXNativeTarget;
			buildConfigurationList = A8286D5C2B662737002AC005 /* Build configuration list for PBXNativeTarget "xamanager" */;
			buildPhases = (
				A8286D332B662736002AC005 /* Sources */,
				A8286D342B662736002AC005 /* Frameworks */,
				A8286D352B662736002AC005 /* Resources */,
			);
			buildRules = (
			);
			dependencies = (
			);
			name = xamanager;
			productName = xamanager;
			productReference = A8286D372B662736002AC005 /* xamanager.app */;
			productType = "com.apple.product-type.application";
		};
		A8286D472B662737002AC005 /* xamanagerTests */ = {
			isa = PBXNativeTarget;
			buildConfigurationList = A8286D5F2B662737002AC005 /* Build configuration list for PBXNativeTarget "xamanagerTests" */;
			buildPhases = (
				A8286D442B662737002AC005 /* Sources */,
				A8286D452B662737002AC005 /* Frameworks */,
				A8286D462B662737002AC005 /* Resources */,
			);
			buildRules = (
			);
			dependencies = (
				A8286D4A2B662737002AC005 /* PBXTargetDependency */,
			);
			name = xamanagerTests;
			productName = xamanagerTests;
			productReference = A8286D482B662737002AC005 /* xamanagerTests.xctest */;
			productType = "com.apple.product-type.bundle.unit-test";
		};
		A8286D512B662737002AC005 /* xamanagerUITests */ = {
			isa = PBXNativeTarget;
			buildConfigurationList = A8286D622B662737002AC005 /* Build configuration list for PBXNativeTarget "xamanagerUITests" */;
			buildPhases = (
				A8286D4E2B662737002AC005 /* Sources */,
				A8286D4F2B662737002AC005 /* Frameworks */,
				A8286D502B662737002AC005 /* Resources */,
			);
			buildRules = (
			);
			dependencies = (
				A8286D542B662737002AC005 /* PBXTargetDependency */,
			);
			name = xamanagerUITests;
			productName = xamanagerUITests;
			productReference = A8286D522B662737002AC005 /* xamanagerUITests.xctest */;
			productType = "com.apple.product-type.bundle.ui-testing";
		};
/* End PBXNativeTarget section */

/* Begin PBXProject section */
		A8286D2F2B662736002AC005 /* Project object */ = {
			isa = PBXProject;
			attributes = {
				BuildIndependentTargetsInParallel = 1;
				LastSwiftUpdateCheck = 1520;
				LastUpgradeCheck = 1520;
				TargetAttributes = {
					A8286D362B662736002AC005 = {
						CreatedOnToolsVersion = 15.2;
					};
					A8286D472B662737002AC005 = {
						CreatedOnToolsVersion = 15.2;
						TestTargetID = A8286D362B662736002AC005;
					};
					A8286D512B662737002AC005 = {
						CreatedOnToolsVersion = 15.2;
						TestTargetID = A8286D362B662736002AC005;
					};
				};
			};
			buildConfigurationList = A8286D322B662736002AC005 /* Build configuration list for PBXProject "xamanager" */;
			compatibilityVersion = "Xcode 14.0";
			developmentRegion = en;
			hasScannedForEncodings = 0;
			knownRegions = (
				en,
				Base,
			);
			mainGroup = A8286D2E2B662736002AC005;
			productRefGroup = A8286D382B662736002AC005 /* Products */;
			projectDirPath = "";
			projectRoot = "";
			targets = (
				A8286D362B662736002AC005 /* xamanager */,
				A8286D472B662737002AC005 /* xamanagerTests */,
				A8286D512B662737002AC005 /* xamanagerUITests */,
			);
		};
/* End PBXProject section */

/* Begin PBXResourcesBuildPhase section */
		A8286D352B662736002AC005 /* Resources */ = {
			isa = PBXResourcesBuildPhase;
			buildActionMask = 2147483647;
			files = (
				A8286D422B662737002AC005 /* Preview Assets.xcassets in Resources */,
				A8286D3F2B662737002AC005 /* Assets.xcassets in Resources */,
			);
			runOnlyForDeploymentPostprocessing = 0;
		};
		A8286D462B662737002AC005 /* Resources */ = {
			isa = PBXResourcesBuildPhase;
			buildActionMask = 2147483647;
			files = (
			);
			runOnlyForDeploymentPostprocessing = 0;
		};
		A8286D502B662737002AC005 /* Resources */ = {
			isa = PBXResourcesBuildPhase;
			buildActionMask = 2147483647;
			files = (
			);
			runOnlyForDeploymentPostprocessing = 0;
		};
/* End PBXResourcesBuildPhase section */

/* Begin PBXSourcesBuildPhase section */
		A8286D332B662736002AC005 /* Sources */ = {
			isa = PBXSourcesBuildPhase;
			buildActionMask = 2147483647;
			files = (
				A8286D3D2B662736002AC005 /* ContentView.swift in Sources */,
				A8286D3B2B662736002AC005 /* xamanagerApp.swift in Sources */,
			);
			runOnlyForDeploymentPostprocessing = 0;
		};
		A8286D442B662737002AC005 /* Sources */ = {
			isa = PBXSourcesBuildPhase;
			buildActionMask = 2147483647;
			files = (
				A8286D4D2B662737002AC005 /* xamanagerTests.swift in Sources */,
			);
			runOnlyForDeploymentPostprocessing = 0;
		};
		A8286D4E2B662737002AC005 /* Sources */ = {
			isa = PBXSourcesBuildPhase;
			buildActionMask = 2147483647;
			files = (
				A8286D572B662737002AC005 /* xamanagerUITests.swift in Sources */,
				A8286D592B662737002AC005 /* xamanagerUITestsLaunchTests.swift in Sources */,
			);
			runOnlyForDeploymentPostprocessing = 0;
		};
/* End PBXSourcesBuildPhase section */

/* Begin PBXTargetDependency section */
		A8286D4A2B662737002AC005 /* PBXTargetDependency */ = {
			isa = PBXTargetDependency;
			target = A8286D362B662736002AC005 /* xamanager */;
			targetProxy = A8286D492B662737002AC005 /* PBXContainerItemProxy */;
		};
		A8286D542B662737002AC005 /* PBXTargetDependency */ = {
			isa = PBXTargetDependency;
			target = A8286D362B662736002AC005 /* xamanager */;
			targetProxy = A8286D532B662737002AC005 /* PBXContainerItemProxy */;
		};
/* End PBXTargetDependency section */

/* Begin XCBuildConfiguration section */
		A8286D5A2B662737002AC005 /* Debug */ = {
			isa = XCBuildConfiguration;
			buildSettings = {
				ALWAYS_SEARCH_USER_PATHS = NO;
				ASSETCATALOG_COMPILER_GENERATE_SWIFT_ASSET_SYMBOL_EXTENSIONS = YES;
				CLANG_ANALYZER_NONNULL = YES;
				CLANG_ANALYZER_NUMBER_OBJECT_CONVERSION = YES_AGGRESSIVE;
				CLANG_CXX_LANGUAGE_STANDARD = "gnu++20";
				CLANG_ENABLE_MODULES = YES;
				CLANG_ENABLE_OBJC_ARC = YES;
				CLANG_ENABLE_OBJC_WEAK = YES;
				CLANG_WARN_BLOCK_CAPTURE_AUTORELEASING = YES;
				CLANG_WARN_BOOL_CONVERSION = YES;
				CLANG_WARN_COMMA = YES;
				CLANG_WARN_CONSTANT_CONVERSION = YES;
				CLANG_WARN_DEPRECATED_OBJC_IMPLEMENTATIONS = YES;
				CLANG_WARN_DIRECT_OBJC_ISA_USAGE = YES_ERROR;
				CLANG_WARN_DOCUMENTATION_COMMENTS = YES;
				CLANG_WARN_EMPTY_BODY = YES;
				CLANG_WARN_ENUM_CONVERSION = YES;
				CLANG_WARN_INFINITE_RECURSION = YES;
				CLANG_WARN_INT_CONVERSION = YES;
				CLANG_WARN_NON_LITERAL_NULL_CONVERSION = YES;
				CLANG_WARN_OBJC_IMPLICIT_RETAIN_SELF = YES;
				CLANG_WARN_OBJC_LITERAL_CONVERSION = YES;
				CLANG_WARN_OBJC_ROOT_CLASS = YES_ERROR;
				CLANG_WARN_QUOTED_INCLUDE_IN_FRAMEWORK_HEADER = YES;
				CLANG_WARN_RANGE_LOOP_ANALYSIS = YES;
				CLANG_WARN_STRICT_PROTOTYPES = YES;
				CLANG_WARN_SUSPICIOUS_MOVE = YES;
				CLANG_WARN_UNGUARDED_AVAILABILITY = YES_AGGRESSIVE;
				CLANG_WARN_UNREACHABLE_CODE = YES;
				CLANG_WARN__DUPLICATE_METHOD_MATCH = YES;
				COPY_PHASE_STRIP = NO;
				DEBUG_INFORMATION_FORMAT = dwarf;
				ENABLE_STRICT_OBJC_MSGSEND = YES;
				ENABLE_TESTABILITY = YES;
				ENABLE_USER_SCRIPT_SANDBOXING = YES;
				GCC_C_LANGUAGE_STANDARD = gnu17;
				GCC_DYNAMIC_NO_PIC = NO;
				GCC_NO_COMMON_BLOCKS = YES;
				GCC_OPTIMIZATION_LEVEL = 0;
				GCC_PREPROCESSOR_DEFINITIONS = (
					"DEBUG=1",
					"$(inherited)",
				);
				GCC_WARN_64_TO_32_BIT_CONVERSION = YES;
				GCC_WARN_ABOUT_RETURN_TYPE = YES_ERROR;
				GCC_WARN_UNDECLARED_SELECTOR = YES;
				GCC_WARN_UNINITIALIZED_AUTOS = YES_AGGRESSIVE;
				GCC_WARN_UNUSED_FUNCTION = YES;
				GCC_WARN_UNUSED_VARIABLE = YES;
				LOCALIZATION_PREFERS_STRING_CATALOGS = YES;
				MACOSX_DEPLOYMENT_TARGET = 14.2;
				MTL_ENABLE_DEBUG_INFO = INCLUDE_SOURCE;
				MTL_FAST_MATH = YES;
				ONLY_ACTIVE_ARCH = YES;
				SDKROOT = macosx;
				SWIFT_ACTIVE_COMPILATION_CONDITIONS = "DEBUG $(inherited)";
				SWIFT_OPTIMIZATION_LEVEL = "-Onone";
			};
			name = Debug;
		};
		A8286D5B2B662737002AC005 /* Release */ = {
			isa = XCBuildConfiguration;
			buildSettings = {
				ALWAYS_SEARCH_USER_PATHS = NO;
				ASSETCATALOG_COMPILER_GENERATE_SWIFT_ASSET_SYMBOL_EXTENSIONS = YES;
				CLANG_ANALYZER_NONNULL = YES;
				CLANG_ANALYZER_NUMBER_OBJECT_CONVERSION = YES_AGGRESSIVE;
				CLANG_CXX_LANGUAGE_STANDARD = "gnu++20";
				CLANG_ENABLE_MODULES = YES;
				CLANG_ENABLE_OBJC_ARC = YES;
				CLANG_ENABLE_OBJC_WEAK = YES;
				CLANG_WARN_BLOCK_CAPTURE_AUTORELEASING = YES;
				CLANG_WARN_BOOL_CONVERSION = YES;
				CLANG_WARN_COMMA = YES;
				CLANG_WARN_CONSTANT_CONVERSION = YES;
				CLANG_WARN_DEPRECATED_OBJC_IMPLEMENTATIONS = YES;
				CLANG_WARN_DIRECT_OBJC_ISA_USAGE = YES_ERROR;
				CLANG_WARN_DOCUMENTATION_COMMENTS = YES;
				CLANG_WARN_EMPTY_BODY = YES;
				CLANG_WARN_ENUM_CONVERSION = YES;
				CLANG_WARN_INFINITE_RECURSION = YES;
				CLANG_WARN_INT_CONVERSION = YES;
				CLANG_WARN_NON_LITERAL_NULL_CONVERSION = YES;
				CLANG_WARN_OBJC_IMPLICIT_RETAIN_SELF = YES;
				CLANG_WARN_OBJC_LITERAL_CONVERSION = YES;
				CLANG_WARN_OBJC_ROOT_CLASS = YES_ERROR;
				CLANG_WARN_QUOTED_INCLUDE_IN_FRAMEWORK_HEADER = YES;
				CLANG_WARN_RANGE_LOOP_ANALYSIS = YES;
				CLANG_WARN_STRICT_PROTOTYPES = YES;
				CLANG_WARN_SUSPICIOUS_MOVE = YES;
				CLANG_WARN_UNGUARDED_AVAILABILITY = YES_AGGRESSIVE;
				CLANG_WARN_UNREACHABLE_CODE = YES;
				CLANG_WARN__DUPLICATE_METHOD_MATCH = YES;
				COPY_PHASE_STRIP = NO;
				DEBUG_INFORMATION_FORMAT = "dwarf-with-dsym";
				ENABLE_NS_ASSERTIONS = NO;
				ENABLE_STRICT_OBJC_MSGSEND = YES;
				ENABLE_USER_SCRIPT_SANDBOXING = YES;
				GCC_C_LANGUAGE_STANDARD = gnu17;
				GCC_NO_COMMON_BLOCKS = YES;
				GCC_WARN_64_TO_32_BIT_CONVERSION = YES;
				GCC_WARN_ABOUT_RETURN_TYPE = YES_ERROR;
				GCC_WARN_UNDECLARED_SELECTOR = YES;
				GCC_WARN_UNINITIALIZED_AUTOS = YES_AGGRESSIVE;
				GCC_WARN_UNUSED_FUNCTION = YES;
				GCC_WARN_UNUSED_VARIABLE = YES;
				LOCALIZATION_PREFERS_STRING_CATALOGS = YES;
				MACOSX_DEPLOYMENT_TARGET = 14.2;
				MTL_ENABLE_DEBUG_INFO = NO;
				MTL_FAST_MATH = YES;
				SDKROOT = macosx;
				SWIFT_COMPILATION_MODE = wholemodule;
			};
			name = Release;
		};
		A8286D5D2B662737002AC005 /* Debug */ = {
			isa = XCBuildConfiguration;
			buildSettings = {
				ASSETCATALOG_COMPILER_APPICON_NAME = AppIcon;
				ASSETCATALOG_COMPILER_GLOBAL_ACCENT_COLOR_NAME = AccentColor;
				CODE_SIGN_ENTITLEMENTS = xamanager/xamanager.entitlements;
				CODE_SIGN_STYLE = Automatic;
				COMBINE_HIDPI_IMAGES = YES;
				CURRENT_PROJECT_VERSION = 1;
				DEVELOPMENT_ASSET_PATHS = "\"xamanager/Preview Content\"";
				DEVELOPMENT_TEAM = K67MV978R8;
				ENABLE_HARDENED_RUNTIME = YES;
				ENABLE_PREVIEWS = YES;
				GENERATE_INFOPLIST_FILE = YES;
				INFOPLIST_KEY_NSHumanReadableCopyright = "";
				LD_RUNPATH_SEARCH_PATHS = (
					"$(inherited)",
					"@executable_path/../Frameworks",
				);
				MARKETING_VERSION = 1.0;
				PRODUCT_BUNDLE_IDENTIFIER = dev.begeistert.xamanager;
				PRODUCT_NAME = "$(TARGET_NAME)";
				SWIFT_EMIT_LOC_STRINGS = YES;
				SWIFT_VERSION = 5.0;
			};
			name = Debug;
		};
		A8286D5E2B662737002AC005 /* Release */ = {
			isa = XCBuildConfiguration;
			buildSettings = {
				ASSETCATALOG_COMPILER_APPICON_NAME = AppIcon;
				ASSETCATALOG_COMPILER_GLOBAL_ACCENT_COLOR_NAME = AccentColor;
				CODE_SIGN_ENTITLEMENTS = xamanager/xamanager.entitlements;
				CODE_SIGN_STYLE = Automatic;
				COMBINE_HIDPI_IMAGES = YES;
				CURRENT_PROJECT_VERSION = 1;
				DEVELOPMENT_ASSET_PATHS = "\"xamanager/Preview Content\"";
				DEVELOPMENT_TEAM = K67MV978R8;
				ENABLE_HARDENED_RUNTIME = YES;
				ENABLE_PREVIEWS = YES;
				GENERATE_INFOPLIST_FILE = YES;
				INFOPLIST_KEY_NSHumanReadableCopyright = "";
				LD_RUNPATH_SEARCH_PATHS = (
					"$(inherited)",
					"@executable_path/../Frameworks",
				);
				MARKETING_VERSION = 1.0;
				PRODUCT_BUNDLE_IDENTIFIER = dev.begeistert.xamanager;
				PRODUCT_NAME = "$(TARGET_NAME)";
				SWIFT_EMIT_LOC_STRINGS = YES;
				SWIFT_VERSION = 5.0;
			};
			name = Release;
		};
		A8286D602B662737002AC005 /* Debug */ = {
			isa = XCBuildConfiguration;
			buildSettings = {
				ALWAYS_EMBED_SWIFT_STANDARD_LIBRARIES = YES;
				BUNDLE_LOADER = "$(TEST_HOST)";
				CODE_SIGN_STYLE = Automatic;
				CURRENT_PROJECT_VERSION = 1;
				DEVELOPMENT_TEAM = K67MV978R8;
				GENERATE_INFOPLIST_FILE = YES;
				MACOSX_DEPLOYMENT_TARGET = 14.2;
				MARKETING_VERSION = 1.0;
				PRODUCT_BUNDLE_IDENTIFIER = dev.begeistert.xamanagerTests;
				PRODUCT_NAME = "$(TARGET_NAME)";
				SWIFT_EMIT_LOC_STRINGS = NO;
				SWIFT_VERSION = 5.0;
				TEST_HOST = "$(BUILT_PRODUCTS_DIR)/xamanager.app/$(BUNDLE_EXECUTABLE_FOLDER_PATH)/xamanager";
			};
			name = Debug;
		};
		A8286D612B662737002AC005 /* Release */ = {
			isa = XCBuildConfiguration;
			buildSettings = {
				ALWAYS_EMBED_SWIFT_STANDARD_LIBRARIES = YES;
				BUNDLE_LOADER = "$(TEST_HOST)";
				CODE_SIGN_STYLE = Automatic;
				CURRENT_PROJECT_VERSION = 1;
				DEVELOPMENT_TEAM = K67MV978R8;
				GENERATE_INFOPLIST_FILE = YES;
				MACOSX_DEPLOYMENT_TARGET = 14.2;
				MARKETING_VERSION = 1.0;
				PRODUCT_BUNDLE_IDENTIFIER = dev.begeistert.xamanagerTests;
				PRODUCT_NAME = "$(TARGET_NAME)";
				SWIFT_EMIT_LOC_STRINGS = NO;
				SWIFT_VERSION = 5.0;
				TEST_HOST = "$(BUILT_PRODUCTS_DIR)/xamanager.app/$(BUNDLE_EXECUTABLE_FOLDER_PATH)/xamanager";
			};
			name = Release;
		};
		A8286D632B662737002AC005 /* Debug */ = {
			isa = XCBuildConfiguration;
			buildSettings = {
				ALWAYS_EMBED_SWIFT_STANDARD_LIBRARIES = YES;
				CODE_SIGN_STYLE = Automatic;
				CURRENT_PROJECT_VERSION = 1;
				DEVELOPMENT_TEAM = K67MV978R8;
				GENERATE_INFOPLIST_FILE = YES;
				MARKETING_VERSION = 1.0;
				PRODUCT_BUNDLE_IDENTIFIER = dev.begeistert.xamanagerUITests;
				PRODUCT_NAME = "$(TARGET_NAME)";
				SWIFT_EMIT_LOC_STRINGS = NO;
				SWIFT_VERSION = 5.0;
				TEST_TARGET_NAME = xamanager;
			};
			name = Debug;
		};
		A8286D642B662737002AC005 /* Release */ = {
			isa = XCBuildConfiguration;
			buildSettings = {
				ALWAYS_EMBED_SWIFT_STANDARD_LIBRARIES = YES;
				CODE_SIGN_STYLE = Automatic;
				CURRENT_PROJECT_VERSION = 1;
				DEVELOPMENT_TEAM = K67MV978R8;
				GENERATE_INFOPLIST_FILE = YES;
				MARKETING_VERSION = 1.0;
				PRODUCT_BUNDLE_IDENTIFIER = dev.begeistert.xamanagerUITests;
				PRODUCT_NAME = "$(TARGET_NAME)";
				SWIFT_EMIT_LOC_STRINGS = NO;
				SWIFT_VERSION = 5.0;
				TEST_TARGET_NAME = xamanager;
			};
			name = Release;
		};
/* End XCBuildConfiguration section */

/* Begin XCConfigurationList section */
		A8286D322B662736002AC005 /* Build configuration list for PBXProject "xamanager" */ = {
			isa = XCConfigurationList;
			buildConfigurations = (
				A8286D5A2B662737002AC005 /* Debug */,
				A8286D5B2B662737002AC005 /* Release */,
			);
			defaultConfigurationIsVisible = 0;
			defaultConfigurationName = Release;
		};
		A8286D5C2B662737002AC005 /* Build configuration list for PBXNativeTarget "xamanager" */ = {
			isa = XCConfigurationList;
			buildConfigurations = (
				A8286D5D2B662737002AC005 /* Debug */,
				A8286D5E2B662737002AC005 /* Release */,
			);
			defaultConfigurationIsVisible = 0;
			defaultConfigurationName = Release;
		};
		A8286D5F2B662737002AC005 /* Build configuration list for PBXNativeTarget "xamanagerTests" */ = {
			isa = XCConfigurationList;
			buildConfigurations = (
				A8286D602B662737002AC005 /* Debug */,
				A8286D612B662737002AC005 /* Release */,
			);
			defaultConfigurationIsVisible = 0;
			defaultConfigurationName = Release;
		};
		A8286D622B662737002AC005 /* Build configuration list for PBXNativeTarget "xamanagerUITests" */ = {
			isa = XCConfigurationList;
			buildConfigurations = (
				A8286D632B662737002AC005 /* Debug */,
				A8286D642B662737002AC005 /* Release */,
			);
			defaultConfigurationIsVisible = 0;
			defaultConfigurationName = Release;
		};
/* End XCConfigurationList section */
	};
	rootObject = A8286D2F2B662736002AC005 /* Project object */;
}
